
Microsoft Visual Studio Solution File, Format Version 12.00
# Visual Studio Version 17
VisualStudioVersion = 17.9.34622.214
MinimumVisualStudioVersion = 10.0.40219.1
Project("{FAE04EC0-301F-11D3-BF4B-00C04F79EFBC}") = "ReactWithWindowsAuthentication.Server", "ReactWithWindowsAuthentication.Server\ReactWithWindowsAuthentication.Server.csproj", "{FAA6AFD6-6913-420A-A075-50642BF35754}"
EndProject
Project("{54A90642-561A-4BB1-A94E-469ADEE60C69}") = "reactwithwindowsauthentication.client", "reactwithwindowsauthentication.client\reactwithwindowsauthentication.client.esproj", "{11DC7316-1558-405C-A35C-83FBF9806AA2}"
EndProject
Global
	GlobalSection(SolutionConfigurationPlatforms) = preSolution
		Debug|Any CPU = Debug|Any CPU
		Release|Any CPU = Release|Any CPU
	EndGlobalSection
	GlobalSection(ProjectConfigurationPlatforms) = postSolution
		{FAA6AFD6-6913-420A-A075-50642BF35754}.Debug|Any CPU.ActiveCfg = Debug|Any CPU
		{FAA6AFD6-6913-420A-A075-50642BF35754}.Debug|Any CPU.Build.0 = Debug|Any CPU
		{FAA6AFD6-6913-420A-A075-50642BF35754}.Release|Any CPU.ActiveCfg = Release|Any CPU
		{FAA6AFD6-6913-420A-A075-50642BF35754}.Release|Any CPU.Build.0 = Release|Any CPU
		{11DC7316-1558-405C-A35C-83FBF9806AA2}.Debug|Any CPU.ActiveCfg = Debug|Any CPU
		{11DC7316-1558-405C-A35C-83FBF9806AA2}.Debug|Any CPU.Build.0 = Debug|Any CPU
		{11DC7316-1558-405C-A35C-83FBF9806AA2}.Debug|Any CPU.Deploy.0 = Debug|Any CPU
		{11DC7316-1558-405C-A35C-83FBF9806AA2}.Release|Any CPU.ActiveCfg = Release|Any CPU
		{11DC7316-1558-405C-A35C-83FBF9806AA2}.Release|Any CPU.Build.0 = Release|Any CPU
		{11DC7316-1558-405C-A35C-83FBF9806AA2}.Release|Any CPU.Deploy.0 = Release|Any CPU
	EndGlobalSection
	GlobalSection(SolutionProperties) = preSolution
		HideSolutionNode = FALSE
	EndGlobalSection
	GlobalSection(ExtensibilityGlobals) = postSolution
		SolutionGuid = {2426A03E-1FD4-4A65-8973-76CFD9F63196}
	EndGlobalSection
EndGlobal
